
Microsoft Visual Studio Solution File, Format Version 12.00
# Visual Studio Version 16
VisualStudioVersion = 16.0.29001.49
MinimumVisualStudioVersion = 10.0.40219.1
Project("{FAE04EC0-301F-11D3-BF4B-00C04F79EFBC}") = "Northwind.DotnetCore.API", "Northwind.DotnetCore.API\Northwind.DotnetCore.API.csproj", "{2D0388C5-F374-4BA9-A0BB-C0EA0A6D659B}"
EndProject
Project("{FAE04EC0-301F-11D3-BF4B-00C04F79EFBC}") = "Northwind.DAL", "Northwind.DAL\Northwind.DAL.csproj", "{EC4BB2F0-59BB-4597-B707-BEB0A7635845}"
EndProject
Global
	GlobalSection(SolutionConfigurationPlatforms) = preSolution
		Debug|Any CPU = Debug|Any CPU
		Release|Any CPU = Release|Any CPU
	EndGlobalSection
	GlobalSection(ProjectConfigurationPlatforms) = postSolution
		{2D0388C5-F374-4BA9-A0BB-C0EA0A6D659B}.Debug|Any CPU.ActiveCfg = Debug|Any CPU
		{2D0388C5-F374-4BA9-A0BB-C0EA0A6D659B}.Debug|Any CPU.Build.0 = Debug|Any CPU
		{2D0388C5-F374-4BA9-A0BB-C0EA0A6D659B}.Release|Any CPU.ActiveCfg = Release|Any CPU
		{2D0388C5-F374-4BA9-A0BB-C0EA0A6D659B}.Release|Any CPU.Build.0 = Release|Any CPU
		{EC4BB2F0-59BB-4597-B707-BEB0A7635845}.Debug|Any CPU.ActiveCfg = Debug|Any CPU
		{EC4BB2F0-59BB-4597-B707-BEB0A7635845}.Debug|Any CPU.Build.0 = Debug|Any CPU
		{EC4BB2F0-59BB-4597-B707-BEB0A7635845}.Release|Any CPU.ActiveCfg = Release|Any CPU
		{EC4BB2F0-59BB-4597-B707-BEB0A7635845}.Release|Any CPU.Build.0 = Release|Any CPU
	EndGlobalSection
	GlobalSection(SolutionProperties) = preSolution
		HideSolutionNode = FALSE
	EndGlobalSection
	GlobalSection(ExtensibilityGlobals) = postSolution
		SolutionGuid = {BE1F464B-D0D9-43FA-A630-89BC08373301}
	EndGlobalSection
EndGlobal
